
Microsoft Visual Studio Solution File, Format Version 11.00
# Visual Studio 2010
Project("{FAE04EC0-301F-11D3-BF4B-00C04F79EFBC}") = "NVecMath", "NVecMath.csproj", "{1FC095D5-5EC4-4422-82D2-028D6232E655}"
EndProject
Global
	GlobalSection(SolutionConfigurationPlatforms) = preSolution
		Debug|Any CPU = Debug|Any CPU
		Release|Any CPU = Release|Any CPU
	EndGlobalSection
	GlobalSection(ProjectConfigurationPlatforms) = postSolution
		{1FC095D5-5EC4-4422-82D2-028D6232E655}.Debug|Any CPU.ActiveCfg = Debug|Any CPU
		{1FC095D5-5EC4-4422-82D2-028D6232E655}.Debug|Any CPU.Build.0 = Debug|Any CPU
		{1FC095D5-5EC4-4422-82D2-028D6232E655}.Release|Any CPU.ActiveCfg = Release|Any CPU
		{1FC095D5-5EC4-4422-82D2-028D6232E655}.Release|Any CPU.Build.0 = Release|Any CPU
	EndGlobalSection
	GlobalSection(SolutionProperties) = preSolution
		HideSolutionNode = FALSE
	EndGlobalSection
EndGlobal
